
Microsoft Visual Studio Solution File, Format Version 12.00
# Visual Studio 14
VisualStudioVersion = 14.0.25420.1
MinimumVisualStudioVersion = 10.0.40219.1
Project("{FAE04EC0-301F-11D3-BF4B-00C04F79EFBC}") = "addressbook-web-tests", "addressbook-web-tests\addressbook-web-tests.csproj", "{DA122D58-BB5A-4BF0-9384-67A1569AFC5E}"
EndProject
Project("{FAE04EC0-301F-11D3-BF4B-00C04F79EFBC}") = "addressbook-testdata-generator", "addressbook-testdata-generator\addressbook-testdata-generator.csproj", "{765434FE-E465-4118-88C7-371A7674D889}"
	ProjectSection(ProjectDependencies) = postProject
		{DA122D58-BB5A-4BF0-9384-67A1569AFC5E} = {DA122D58-BB5A-4BF0-9384-67A1569AFC5E}
	EndProjectSection
EndProject
Global
	GlobalSection(SolutionConfigurationPlatforms) = preSolution
		Debug|Any CPU = Debug|Any CPU
		Release|Any CPU = Release|Any CPU
	EndGlobalSection
	GlobalSection(ProjectConfigurationPlatforms) = postSolution
		{DA122D58-BB5A-4BF0-9384-67A1569AFC5E}.Debug|Any CPU.ActiveCfg = Debug|Any CPU
		{DA122D58-BB5A-4BF0-9384-67A1569AFC5E}.Debug|Any CPU.Build.0 = Debug|Any CPU
		{DA122D58-BB5A-4BF0-9384-67A1569AFC5E}.Release|Any CPU.ActiveCfg = Release|Any CPU
		{DA122D58-BB5A-4BF0-9384-67A1569AFC5E}.Release|Any CPU.Build.0 = Release|Any CPU
		{765434FE-E465-4118-88C7-371A7674D889}.Debug|Any CPU.ActiveCfg = Debug|Any CPU
		{765434FE-E465-4118-88C7-371A7674D889}.Debug|Any CPU.Build.0 = Debug|Any CPU
		{765434FE-E465-4118-88C7-371A7674D889}.Release|Any CPU.ActiveCfg = Release|Any CPU
		{765434FE-E465-4118-88C7-371A7674D889}.Release|Any CPU.Build.0 = Release|Any CPU
	EndGlobalSection
	GlobalSection(SolutionProperties) = preSolution
		HideSolutionNode = FALSE
	EndGlobalSection
EndGlobal
